
Microsoft Visual Studio Solution File, Format Version 12.00
# Visual Studio Version 17
VisualStudioVersion = 17.14.35906.104 d17.14
MinimumVisualStudioVersion = 10.0.40219.1
Project("{FAE04EC0-301F-11D3-BF4B-00C04F79EFBC}") = "FunMcp.Host", "FunMcp.Host\FunMcp.Host.csproj", "{D004EEA1-0CE9-4756-9DF8-BA2AEFBA5A72}"
EndProject
Global
	GlobalSection(SolutionConfigurationPlatforms) = preSolution
		Debug|Any CPU = Debug|Any CPU
		Release|Any CPU = Release|Any CPU
	EndGlobalSection
	GlobalSection(ProjectConfigurationPlatforms) = postSolution
		{D004EEA1-0CE9-4756-9DF8-BA2AEFBA5A72}.Debug|Any CPU.ActiveCfg = Debug|Any CPU
		{D004EEA1-0CE9-4756-9DF8-BA2AEFBA5A72}.Debug|Any CPU.Build.0 = Debug|Any CPU
		{D004EEA1-0CE9-4756-9DF8-BA2AEFBA5A72}.Release|Any CPU.ActiveCfg = Release|Any CPU
		{D004EEA1-0CE9-4756-9DF8-BA2AEFBA5A72}.Release|Any CPU.Build.0 = Release|Any CPU
	EndGlobalSection
	GlobalSection(SolutionProperties) = preSolution
		HideSolutionNode = FALSE
	EndGlobalSection
	GlobalSection(ExtensibilityGlobals) = postSolution
		SolutionGuid = {D65DCE29-FBBC-4612-B602-8D72F6115866}
	EndGlobalSection
EndGlobal
